{
  "name": "@granularjs/data",
  "version": "0.2.0",
  "lockfileVersion": 3,
  "requires": true,
  "packages": {
    "": {
      "name": "@granularjs/data",
      "version": "0.2.0",
      "license": "Apache-2.0",
      "devDependencies": {
        "@granularjs/core": "file:../granular",
        "fake-indexeddb": "^6.0.0"
      },
      "peerDependencies": {
        "@granularjs/core": "latest"
      }
    },
    "../granular": {
      "name": "@granularjs/core",
      "version": "1.8.2",
      "dev": true,
      "license": "Apache-2.0",
      "bin": {
        "granular": "bin/granular.js"
      },
      "devDependencies": {
        "@babel/parser": "^7.28.0",
        "@babel/traverse": "^7.28.0",
        "c8": "^10.1.3",
        "fast-check": "^4.7.0",
        "jsdom": "^26.1.0",
        "typescript": "^5.9.2"
      }
    },
    "node_modules/@granularjs/core": {
      "resolved": "../granular",
      "link": true
    },
    "node_modules/fake-indexeddb": {
      "version": "6.2.5",
      "resolved": "https://registry.npmjs.org/fake-indexeddb/-/fake-indexeddb-6.2.5.tgz",
      "integrity": "sha512-CGnyrvbhPlWYMngksqrSSUT1BAVP49dZocrHuK0SvtR0D5TMs5wP0o3j7jexDJW01KSadjBp1M/71o/KR3nD1w==",
      "dev": true,
      "license": "Apache-2.0",
      "engines": {
        "node": ">=18"
      }
    }
  }
}
